
Microsoft Visual Studio Solution File, Format Version 12.00
# Visual Studio 2013
VisualStudioVersion = 12.0.30110.0
MinimumVisualStudioVersion = 10.0.40219.1
Project("{FAE04EC0-301F-11D3-BF4B-00C04F79EFBC}") = "RazorTransform", "RazorTransform.csproj", "{42BF7D72-BE20-43AA-89C1-6DD553A1E55C}"
	ProjectSection(ProjectDependencies) = postProject
		{412DC3EA-C4B8-4010-B9CD-7DBB5650DDB3} = {412DC3EA-C4B8-4010-B9CD-7DBB5650DDB3}
	EndProjectSection
EndProject
Project("{FAE04EC0-301F-11D3-BF4B-00C04F79EFBC}") = "RtPsHost", "..\joat-rtpshost\RtPsHost.csproj", "{412DC3EA-C4B8-4010-B9CD-7DBB5650DDB3}"
EndProject
Project("{930C7802-8A8C-48F9-8165-68863BCCD9DD}") = "Setup", "Setup\Setup.wixproj", "{7DE9E44B-320C-433E-96A6-EF2EC8620169}"
EndProject
Global
	GlobalSection(SolutionConfigurationPlatforms) = preSolution
		Debug|Any CPU = Debug|Any CPU
		Debug|Mixed Platforms = Debug|Mixed Platforms
		Debug|x86 = Debug|x86
		Release|Any CPU = Release|Any CPU
		Release|Mixed Platforms = Release|Mixed Platforms
		Release|x86 = Release|x86
	EndGlobalSection
	GlobalSection(ProjectConfigurationPlatforms) = postSolution
		{42BF7D72-BE20-43AA-89C1-6DD553A1E55C}.Debug|Any CPU.ActiveCfg = Debug|x86
		{42BF7D72-BE20-43AA-89C1-6DD553A1E55C}.Debug|Mixed Platforms.ActiveCfg = Debug|x86
		{42BF7D72-BE20-43AA-89C1-6DD553A1E55C}.Debug|Mixed Platforms.Build.0 = Debug|x86
		{42BF7D72-BE20-43AA-89C1-6DD553A1E55C}.Debug|x86.ActiveCfg = Debug|x86
		{42BF7D72-BE20-43AA-89C1-6DD553A1E55C}.Debug|x86.Build.0 = Debug|x86
		{42BF7D72-BE20-43AA-89C1-6DD553A1E55C}.Release|Any CPU.ActiveCfg = Release|x86
		{42BF7D72-BE20-43AA-89C1-6DD553A1E55C}.Release|Mixed Platforms.ActiveCfg = Release|x86
		{42BF7D72-BE20-43AA-89C1-6DD553A1E55C}.Release|Mixed Platforms.Build.0 = Release|x86
		{42BF7D72-BE20-43AA-89C1-6DD553A1E55C}.Release|x86.ActiveCfg = Release|x86
		{42BF7D72-BE20-43AA-89C1-6DD553A1E55C}.Release|x86.Build.0 = Release|x86
		{412DC3EA-C4B8-4010-B9CD-7DBB5650DDB3}.Debug|Any CPU.ActiveCfg = Debug|Any CPU
		{412DC3EA-C4B8-4010-B9CD-7DBB5650DDB3}.Debug|Any CPU.Build.0 = Debug|Any CPU
		{412DC3EA-C4B8-4010-B9CD-7DBB5650DDB3}.Debug|Mixed Platforms.ActiveCfg = Debug|Any CPU
		{412DC3EA-C4B8-4010-B9CD-7DBB5650DDB3}.Debug|Mixed Platforms.Build.0 = Debug|Any CPU
		{412DC3EA-C4B8-4010-B9CD-7DBB5650DDB3}.Debug|x86.ActiveCfg = Debug|Any CPU
		{412DC3EA-C4B8-4010-B9CD-7DBB5650DDB3}.Release|Any CPU.ActiveCfg = Release|Any CPU
		{412DC3EA-C4B8-4010-B9CD-7DBB5650DDB3}.Release|Any CPU.Build.0 = Release|Any CPU
		{412DC3EA-C4B8-4010-B9CD-7DBB5650DDB3}.Release|Mixed Platforms.ActiveCfg = Release|Any CPU
		{412DC3EA-C4B8-4010-B9CD-7DBB5650DDB3}.Release|Mixed Platforms.Build.0 = Release|Any CPU
		{412DC3EA-C4B8-4010-B9CD-7DBB5650DDB3}.Release|x86.ActiveCfg = Release|Any CPU
		{7DE9E44B-320C-433E-96A6-EF2EC8620169}.Debug|Any CPU.ActiveCfg = Debug|x86
		{7DE9E44B-320C-433E-96A6-EF2EC8620169}.Debug|Mixed Platforms.ActiveCfg = Debug|x86
		{7DE9E44B-320C-433E-96A6-EF2EC8620169}.Debug|Mixed Platforms.Build.0 = Debug|x86
		{7DE9E44B-320C-433E-96A6-EF2EC8620169}.Debug|x86.ActiveCfg = Debug|x86
		{7DE9E44B-320C-433E-96A6-EF2EC8620169}.Debug|x86.Build.0 = Debug|x86
		{7DE9E44B-320C-433E-96A6-EF2EC8620169}.Release|Any CPU.ActiveCfg = Release|x86
		{7DE9E44B-320C-433E-96A6-EF2EC8620169}.Release|Mixed Platforms.ActiveCfg = Release|x86
		{7DE9E44B-320C-433E-96A6-EF2EC8620169}.Release|Mixed Platforms.Build.0 = Release|x86
		{7DE9E44B-320C-433E-96A6-EF2EC8620169}.Release|x86.ActiveCfg = Release|x86
		{7DE9E44B-320C-433E-96A6-EF2EC8620169}.Release|x86.Build.0 = Release|x86
	EndGlobalSection
	GlobalSection(SolutionProperties) = preSolution
		HideSolutionNode = FALSE
	EndGlobalSection
EndGlobal
